# This file is automatically @generated by Poetry 1.6.1 and should not be changed by hand.

[[package]]
name = "ply"
version = "3.11"
description = "Python Lex & Yacc"
optional = false
python-versions = "*"
files = [
    {file = "ply-3.11-py2.py3-none-any.whl", hash = "sha256:096f9b8350b65ebd2fd1346b12452efe5b9607f7482813ffca50c22722a807ce"},
    {file = "ply-3.11.tar.gz", hash = "sha256:00c7c1aaa88358b9c765b6d3000c6eec0ba42abca5351b095321aef446081da3"},
]

[[package]]
name = "pyomo"
version = "6.7.1"
description = "Pyomo: Python Optimization Modeling Objects"
optional = false
python-versions = ">=3.8"
files = [
    {file = "Pyomo-6.7.1-cp310-cp310-macosx_10_9_x86_64.whl", hash = "sha256:11b99ebec3586b0b7fffcc9c2d451581bb2b72db07d61a357375ecb52e8e368c"},
    {file = "Pyomo-6.7.1-cp310-cp310-macosx_11_0_arm64.whl", hash = "sha256:c2a45e0db94da8e27cbf27d9739973520babf69d638f3d51916029fde2d091c5"},
    {file = "Pyomo-6.7.1-cp310-cp310-manylinux_2_17_aarch64.manylinux2014_aarch64.whl", hash = "sha256:e8f301029e7bee33c7742241f852ac413ffdf54bdf3aa6cdd83bd4b915527db4"},
    {file = "Pyomo-6.7.1-cp310-cp310-manylinux_2_17_x86_64.manylinux2014_x86_64.whl", hash = "sha256:12b467b9ec7f489e8f4295de68cd31c4af0d81a717bb0b3d6ab2ebab2c5763ff"},
    {file = "Pyomo-6.7.1-cp310-cp310-win_amd64.whl", hash = "sha256:de3a4eab752a1e11b4d736aeb61cc63550442a8d4de8e24e238a73285846a138"},
    {file = "Pyomo-6.7.1-cp310-cp310-win_arm64.whl", hash = "sha256:119cc5337177457250d7d450688687ccb4230ac3ab70774390307bbe3cb19871"},
    {file = "Pyomo-6.7.1-cp311-cp311-macosx_10_9_x86_64.whl", hash = "sha256:fcaebc11ca162f05d9644f22eb9b17d08d73384fa0edbfbf79e090a453551c21"},
    {file = "Pyomo-6.7.1-cp311-cp311-macosx_11_0_arm64.whl", hash = "sha256:da86125c0346be05dc8d2e365e7493e95ccd9fdf570facf8598018a6a162870e"},
    {file = "Pyomo-6.7.1-cp311-cp311-manylinux_2_17_aarch64.manylinux2014_aarch64.whl", hash = "sha256:a3dd245b884f75e4984f10bead83f78109d7b83b996c16a03b1babdc759d9cc7"},
    {file = "Pyomo-6.7.1-cp311-cp311-manylinux_2_17_x86_64.manylinux2014_x86_64.whl", hash = "sha256:b7314a56d5a3b14b3afd3a2f207df0256af3c0407d166bce80ab2fe0d8650311"},
    {file = "Pyomo-6.7.1-cp311-cp311-win_amd64.whl", hash = "sha256:889e8937854ea6d124585ff7e2783cb3aae71d8888a6e00008d1606983dc3b58"},
    {file = "Pyomo-6.7.1-cp311-cp311-win_arm64.whl", hash = "sha256:aacf08f535715a34a0fe6e7924ff9a0d48b9bbff406c91b16d7a20c898acc0ff"},
    {file = "Pyomo-6.7.1-cp312-cp312-macosx_10_9_x86_64.whl", hash = "sha256:dc05843f52ccf21d9c480ae6674e20df4b202c8ec69f2489b898dcbcd81653ec"},
    {file = "Pyomo-6.7.1-cp312-cp312-macosx_11_0_arm64.whl", hash = "sha256:b2a983356c19b89f5e73704d57d50f58eca253a833d5bc6c01f1710f51fed565"},
    {file = "Pyomo-6.7.1-cp312-cp312-manylinux_2_17_aarch64.manylinux2014_aarch64.whl", hash = "sha256:41c18eab8c8e826791e375d138836d5b918e15679d7164ba5132ccafbafe76c6"},
    {file = "Pyomo-6.7.1-cp312-cp312-manylinux_2_17_x86_64.manylinux2014_x86_64.whl", hash = "sha256:94c917dbabdada7fe443d56c31ad500e574da7489288fa09857911ac2b924c2b"},
    {file = "Pyomo-6.7.1-cp312-cp312-win_amd64.whl", hash = "sha256:a1e86f8f812b40dfb682912525f35fff0911a82c18311de5e3448951edea1a0a"},
    {file = "Pyomo-6.7.1-cp312-cp312-win_arm64.whl", hash = "sha256:111f40517640149f440eded00091041fb5091c6d5497b687e4b7b3bb45e11726"},
    {file = "Pyomo-6.7.1-cp38-cp38-macosx_10_9_x86_64.whl", hash = "sha256:673be2970c67badf292f9e6917fd00bd6a7c31f87137f5e1203f4143bd4c8fb2"},
    {file = "Pyomo-6.7.1-cp38-cp38-macosx_11_0_arm64.whl", hash = "sha256:d0d111f9efed1db1896db57df5744a466f29ec795b23ee189e86378566fe636e"},
    {file = "Pyomo-6.7.1-cp38-cp38-manylinux_2_17_aarch64.manylinux2014_aarch64.whl", hash = "sha256:c9fb2fcc3881eae6ef360a512de54b34e29814178f984dbacca6ea4228501823"},
    {file = "Pyomo-6.7.1-cp38-cp38-manylinux_2_17_x86_64.manylinux2014_x86_64.whl", hash = "sha256:7cb435714cdce7c15f7f32922ceed2589f66c52753514ace28e05d2b7e47a0b9"},
    {file = "Pyomo-6.7.1-cp38-cp38-win_amd64.whl", hash = "sha256:143c50c62af4aca5f07b2cd61d47a5da0590d7c98667bb931962deaafe446177"},
    {file = "Pyomo-6.7.1-cp39-cp39-macosx_10_9_x86_64.whl", hash = "sha256:e3bb68d901005ab67a3b0fc71a343162d59f3507bf3b5e6660fe1d3f4f397f88"},
    {file = "Pyomo-6.7.1-cp39-cp39-macosx_11_0_arm64.whl", hash = "sha256:3957d8021e039f8c700bf86e87a828a4d6201c54cd7946ef93b22b236857bc51"},
    {file = "Pyomo-6.7.1-cp39-cp39-manylinux_2_17_aarch64.manylinux2014_aarch64.whl", hash = "sha256:a264755bc8d29e9386bc73b324eea165a14b83ddb22388fb35d4b9610b550852"},
    {file = "Pyomo-6.7.1-cp39-cp39-manylinux_2_17_x86_64.manylinux2014_x86_64.whl", hash = "sha256:c96ed63294bb22da9397693123ca780522aee588d63b40aa4afb217ae9760b00"},
    {file = "Pyomo-6.7.1-cp39-cp39-win_amd64.whl", hash = "sha256:c71344da3443b4850e37d4603b1397f20bb031df765435176085780369da1a0e"},
    {file = "Pyomo-6.7.1-cp39-cp39-win_arm64.whl", hash = "sha256:d7eba18bcaac8c14df80adaf01b73156b06d73cc58666b33dee6d33ff567a564"},
    {file = "Pyomo-6.7.1.tar.gz", hash = "sha256:735b66c45937f1caa43f073d8218a4918b6de658914a699397d38d5b8c219a40"},
]

[package.dependencies]
ply = "*"

[package.extras]
docs = ["Sphinx (>4)", "enum-tools", "numpy", "scipy", "sphinx-copybutton", "sphinx-jinja2-compat (>=0.1.1)", "sphinx-rtd-theme (>0.5)", "sphinx-toolbox (>=2.16.0)", "sphinxcontrib-jsmath", "sphinxcontrib-napoleon"]
optional = ["casadi", "dill", "ipython", "matplotlib (!=3.6.1)", "networkx", "networkx (<3.2)", "numdifftools", "numpy", "openpyxl", "pandas", "pint", "plotly", "python-louvain", "pywin32", "pyyaml", "qtconsole", "scipy", "seaborn", "sympy", "xlrd", "z3-solver"]
tests = ["coverage", "parameterized", "pybind11", "pytest", "pytest-parallel"]

[metadata]
lock-version = "2.0"
python-versions = "^3.10"
content-hash = "dcf9150a9906a34d7716ea0738332bc76cbd3a9e02adbafbe26d7fe5fe342876"
